<?xml version="1.0" encoding="utf-8"?>
<Project ToolsVersion="4.0" xmlns="http://schemas.microsoft.com/developer/msbuild/2003">
  <ItemGroup>
    <Filter Include="Dialog">
      <UniqueIdentifier>{b05c26d9-9108-4534-9774-5afd9bec50ac}</UniqueIdentifier>
    </Filter>
    <Filter Include="Core">
      <UniqueIdentifier>{e5e19ad4-8f22-4faf-840f-d823503d2439}</UniqueIdentifier>
    </Filter>
    <Filter Include="Dialog\src">
      <UniqueIdentifier>{d3e03ad3-c16f-4aad-9e36-b00e244da7bf}</UniqueIdentifier>
    </Filter>
    <Filter Include="Dialog\inc">
      <UniqueIdentifier>{f5e82c32-059a-42ff-99f6-d67aa7542863}</UniqueIdentifier>
    </Filter>
    <Filter Include="Core\inc">
      <UniqueIdentifier>{ad050153-a09f-4a13-a90c-8ec29f669e67}</UniqueIdentifier>
    </Filter>
    <Filter Include="Core\src">
      <UniqueIdentifier>{dad3dd12-20a5-4fbb-99c8-d93f179e295f}</UniqueIdentifier>
    </Filter>
    <Filter Include="Chart">
      <UniqueIdentifier>{1ecd68a4-e58a-4499-98eb-4176b12ce66f}</UniqueIdentifier>
    </Filter>
    <Filter Include="Chart\inc">
      <UniqueIdentifier>{38437ead-3807-44b0-8946-8cdc36192d8d}</UniqueIdentifier>
    </Filter>
    <Filter Include="Chart\src">
      <UniqueIdentifier>{76a9acc2-5647-4b2d-af55-34c5a147d0df}</UniqueIdentifier>
    </Filter>
    <Filter Include="Resource">
      <UniqueIdentifier>{876df184-4b56-4cd0-819f-70c825f585d6}</UniqueIdentifier>
    </Filter>
    <Filter Include="MFC">
      <UniqueIdentifier>{1ff8d67c-9634-4576-a2af-e48a554666e6}</UniqueIdentifier>
    </Filter>
  </ItemGroup>
  <ItemGroup>
    <ClInclude Include="src\dialog\DataWatch.h">
      <Filter>Dialog\inc</Filter>
    </ClInclude>
    <ClInclude Include="src\dialog\Encoder.h">
      <Filter>Dialog\inc</Filter>
    </ClInclude>
    <ClInclude Include="src\dialog\GraphDlg.h">
      <Filter>Dialog\inc</Filter>
    </ClInclude>
    <ClInclude Include="src\dialog\GraphFull.h">
      <Filter>Dialog\inc</Filter>
    </ClInclude>
    <ClInclude Include="src\dialog\MultiSend.h">
      <Filter>Dialog\inc</Filter>
    </ClInclude>
    <ClInclude Include="src\dialog\NetDlg.h">
      <Filter>Dialog\inc</Filter>
    </ClInclude>
    <ClInclude Include="src\dialog\SendFile.h">
      <Filter>Dialog\inc</Filter>
    </ClInclude>
    <ClInclude Include="src\dialog\Splitter.h">
      <Filter>Dialog\inc</Filter>
    </ClInclude>
    <ClInclude Include="src\dialog\UartDlg.h">
      <Filter>Dialog\inc</Filter>
    </ClInclude>
    <ClInclude Include="src\dialog\Ucom.h">
      <Filter>Dialog\inc</Filter>
    </ClInclude>
    <ClInclude Include="src\dialog\UcomDlg.h">
      <Filter>Dialog\inc</Filter>
    </ClInclude>
    <ClInclude Include="src\core\DeConsole.h">
      <Filter>Core\inc</Filter>
    </ClInclude>
    <ClInclude Include="src\core\iSocket.h">
      <Filter>Core\inc</Filter>
    </ClInclude>
    <ClInclude Include="src\core\iUart.h">
      <Filter>Core\inc</Filter>
    </ClInclude>
    <ClInclude Include="src\core\Text.h">
      <Filter>Core\inc</Filter>
    </ClInclude>
    <ClInclude Include="src\core\UBase.h">
      <Filter>Core\inc</Filter>
    </ClInclude>
    <ClInclude Include="src\lib\ChartCtrl\ChartAxis.h">
      <Filter>Chart\inc</Filter>
    </ClInclude>
    <ClInclude Include="src\lib\ChartCtrl\ChartAxisLabel.h">
      <Filter>Chart\inc</Filter>
    </ClInclude>
    <ClInclude Include="src\lib\ChartCtrl\ChartBalloonLabel.h">
      <Filter>Chart\inc</Filter>
    </ClInclude>
    <ClInclude Include="src\lib\ChartCtrl\ChartBarSerie.h">
      <Filter>Chart\inc</Filter>
    </ClInclude>
    <ClInclude Include="src\lib\ChartCtrl\ChartCandlestickSerie.h">
      <Filter>Chart\inc</Filter>
    </ClInclude>
    <ClInclude Include="src\lib\ChartCtrl\ChartCrossHairCursor.h">
      <Filter>Chart\inc</Filter>
    </ClInclude>
    <ClInclude Include="src\lib\ChartCtrl\ChartCtrl.h">
      <Filter>Chart\inc</Filter>
    </ClInclude>
    <ClInclude Include="src\lib\ChartCtrl\ChartCursor.h">
      <Filter>Chart\inc</Filter>
    </ClInclude>
    <ClInclude Include="src\lib\ChartCtrl\ChartDateTimeAxis.h">
      <Filter>Chart\inc</Filter>
    </ClInclude>
    <ClInclude Include="src\lib\ChartCtrl\ChartDragLineCursor.h">
      <Filter>Chart\inc</Filter>
    </ClInclude>
    <ClInclude Include="src\lib\ChartCtrl\ChartFont.h">
      <Filter>Chart\inc</Filter>
    </ClInclude>
    <ClInclude Include="src\lib\ChartCtrl\ChartGanttSerie.h">
      <Filter>Chart\inc</Filter>
    </ClInclude>
    <ClInclude Include="src\lib\ChartCtrl\ChartGradient.h">
      <Filter>Chart\inc</Filter>
    </ClInclude>
    <ClInclude Include="src\lib\ChartCtrl\ChartGrid.h">
      <Filter>Chart\inc</Filter>
    </ClInclude>
    <ClInclude Include="src\lib\ChartCtrl\ChartLabel.h">
      <Filter>Chart\inc</Filter>
    </ClInclude>
    <ClInclude Include="src\lib\ChartCtrl\ChartLegend.h">
      <Filter>Chart\inc</Filter>
    </ClInclude>
    <ClInclude Include="src\lib\ChartCtrl\ChartLineSerie.h">
      <Filter>Chart\inc</Filter>
    </ClInclude>
    <ClInclude Include="src\lib\ChartCtrl\ChartLogarithmicAxis.h">
      <Filter>Chart\inc</Filter>
    </ClInclude>
    <ClInclude Include="src\lib\ChartCtrl\ChartMouseListener.h">
      <Filter>Chart\inc</Filter>
    </ClInclude>
    <ClInclude Include="src\lib\ChartCtrl\ChartPointsArray.h">
      <Filter>Chart\inc</Filter>
    </ClInclude>
    <ClInclude Include="src\lib\ChartCtrl\ChartPointsSerie.h">
      <Filter>Chart\inc</Filter>
    </ClInclude>
    <ClInclude Include="src\lib\ChartCtrl\ChartScrollBar.h">
      <Filter>Chart\inc</Filter>
    </ClInclude>
    <ClInclude Include="src\lib\ChartCtrl\ChartSerie.h">
      <Filter>Chart\inc</Filter>
    </ClInclude>
    <ClInclude Include="src\lib\ChartCtrl\ChartSerieBase.h">
      <Filter>Chart\inc</Filter>
    </ClInclude>
    <ClInclude Include="src\lib\ChartCtrl\ChartSeriesMouseListener.h">
      <Filter>Chart\inc</Filter>
    </ClInclude>
    <ClInclude Include="src\lib\ChartCtrl\ChartStandardAxis.h">
      <Filter>Chart\inc</Filter>
    </ClInclude>
    <ClInclude Include="src\lib\ChartCtrl\ChartString.h">
      <Filter>Chart\inc</Filter>
    </ClInclude>
    <ClInclude Include="src\lib\ChartCtrl\ChartSurfaceSerie.h">
      <Filter>Chart\inc</Filter>
    </ClInclude>
    <ClInclude Include="src\lib\ChartCtrl\ChartTitle.h">
      <Filter>Chart\inc</Filter>
    </ClInclude>
    <ClInclude Include="src\lib\ChartCtrl\ChartXYSerie.h">
      <Filter>Chart\inc</Filter>
    </ClInclude>
    <ClInclude Include="src\lib\ChartCtrl\PointsOrdering.h">
      <Filter>Chart\inc</Filter>
    </ClInclude>
    <ClInclude Include="src\resource.h">
      <Filter>MFC</Filter>
    </ClInclude>
    <ClInclude Include="src\stdafx.h">
      <Filter>MFC</Filter>
    </ClInclude>
    <ClInclude Include="src\targetver.h">
      <Filter>MFC</Filter>
    </ClInclude>
  </ItemGroup>
  <ItemGroup>
    <ClCompile Include="src\dialog\DataWatch.cpp">
      <Filter>Dialog\src</Filter>
    </ClCompile>
    <ClCompile Include="src\dialog\Encoder.cpp">
      <Filter>Dialog\src</Filter>
    </ClCompile>
    <ClCompile Include="src\dialog\GraphDlg.cpp">
      <Filter>Dialog\src</Filter>
    </ClCompile>
    <ClCompile Include="src\dialog\GraphFull.cpp">
      <Filter>Dialog\src</Filter>
    </ClCompile>
    <ClCompile Include="src\dialog\MultiSend.cpp">
      <Filter>Dialog\src</Filter>
    </ClCompile>
    <ClCompile Include="src\dialog\NetDlg.cpp">
      <Filter>Dialog\src</Filter>
    </ClCompile>
    <ClCompile Include="src\dialog\SendFile.cpp">
      <Filter>Dialog\src</Filter>
    </ClCompile>
    <ClCompile Include="src\dialog\Splitter.cpp">
      <Filter>Dialog\src</Filter>
    </ClCompile>
    <ClCompile Include="src\dialog\UartDlg.cpp">
      <Filter>Dialog\src</Filter>
    </ClCompile>
    <ClCompile Include="src\dialog\Ucom.cpp">
      <Filter>Dialog\src</Filter>
    </ClCompile>
    <ClCompile Include="src\dialog\UcomDlg.cpp">
      <Filter>Dialog\src</Filter>
    </ClCompile>
    <ClCompile Include="src\dialog\UcomDlgBase.cpp">
      <Filter>Dialog\src</Filter>
    </ClCompile>
    <ClCompile Include="src\core\iSocket.cpp">
      <Filter>Core\src</Filter>
    </ClCompile>
    <ClCompile Include="src\core\iUart.cpp">
      <Filter>Core\src</Filter>
    </ClCompile>
    <ClCompile Include="src\core\Text.cpp">
      <Filter>Core\src</Filter>
    </ClCompile>
    <ClCompile Include="src\lib\ChartCtrl\ChartAxis.cpp">
      <Filter>Chart\src</Filter>
    </ClCompile>
    <ClCompile Include="src\lib\ChartCtrl\ChartAxisLabel.cpp">
      <Filter>Chart\src</Filter>
    </ClCompile>
    <ClCompile Include="src\lib\ChartCtrl\ChartBarSerie.cpp">
      <Filter>Chart\src</Filter>
    </ClCompile>
    <ClCompile Include="src\lib\ChartCtrl\ChartCandlestickSerie.cpp">
      <Filter>Chart\src</Filter>
    </ClCompile>
    <ClCompile Include="src\lib\ChartCtrl\ChartCrossHairCursor.cpp">
      <Filter>Chart\src</Filter>
    </ClCompile>
    <ClCompile Include="src\lib\ChartCtrl\ChartCtrl.cpp">
      <Filter>Chart\src</Filter>
    </ClCompile>
    <ClCompile Include="src\lib\ChartCtrl\ChartCursor.cpp">
      <Filter>Chart\src</Filter>
    </ClCompile>
    <ClCompile Include="src\lib\ChartCtrl\ChartDateTimeAxis.cpp">
      <Filter>Chart\src</Filter>
    </ClCompile>
    <ClCompile Include="src\lib\ChartCtrl\ChartDragLineCursor.cpp">
      <Filter>Chart\src</Filter>
    </ClCompile>
    <ClCompile Include="src\lib\ChartCtrl\ChartFont.cpp">
      <Filter>Chart\src</Filter>
    </ClCompile>
    <ClCompile Include="src\lib\ChartCtrl\ChartGanttSerie.cpp">
      <Filter>Chart\src</Filter>
    </ClCompile>
    <ClCompile Include="src\lib\ChartCtrl\ChartGradient.cpp">
      <Filter>Chart\src</Filter>
    </ClCompile>
    <ClCompile Include="src\lib\ChartCtrl\ChartGrid.cpp">
      <Filter>Chart\src</Filter>
    </ClCompile>
    <ClCompile Include="src\lib\ChartCtrl\ChartLegend.cpp">
      <Filter>Chart\src</Filter>
    </ClCompile>
    <ClCompile Include="src\lib\ChartCtrl\ChartLineSerie.cpp">
      <Filter>Chart\src</Filter>
    </ClCompile>
    <ClCompile Include="src\lib\ChartCtrl\ChartLogarithmicAxis.cpp">
      <Filter>Chart\src</Filter>
    </ClCompile>
    <ClCompile Include="src\lib\ChartCtrl\ChartPointsSerie.cpp">
      <Filter>Chart\src</Filter>
    </ClCompile>
    <ClCompile Include="src\lib\ChartCtrl\ChartScrollBar.cpp">
      <Filter>Chart\src</Filter>
    </ClCompile>
    <ClCompile Include="src\lib\ChartCtrl\ChartSerie.cpp">
      <Filter>Chart\src</Filter>
    </ClCompile>
    <ClCompile Include="src\lib\ChartCtrl\ChartStandardAxis.cpp">
      <Filter>Chart\src</Filter>
    </ClCompile>
    <ClCompile Include="src\lib\ChartCtrl\ChartSurfaceSerie.cpp">
      <Filter>Chart\src</Filter>
    </ClCompile>
    <ClCompile Include="src\lib\ChartCtrl\ChartTitle.cpp">
      <Filter>Chart\src</Filter>
    </ClCompile>
    <ClCompile Include="src\lib\ChartCtrl\ChartXYSerie.cpp">
      <Filter>Chart\src</Filter>
    </ClCompile>
    <ClCompile Include="src\stdafx.cpp">
      <Filter>MFC</Filter>
    </ClCompile>
  </ItemGroup>
  <ItemGroup>
    <Image Include="res\Icon.ico">
      <Filter>Resource</Filter>
    </Image>
    <Image Include="res\off.bmp">
      <Filter>Resource</Filter>
    </Image>
    <Image Include="res\On.bmp">
      <Filter>Resource</Filter>
    </Image>
  </ItemGroup>
  <ItemGroup>
    <None Include="res\Ucom.rc2">
      <Filter>Resource</Filter>
    </None>
  </ItemGroup>
  <ItemGroup>
    <ResourceCompile Include="Ucom.rc">
      <Filter>Resource</Filter>
    </ResourceCompile>
  </ItemGroup>
</Project>